
Microsoft Visual Studio Solution File, Format Version 12.00
# Visual Studio Version 17
VisualStudioVersion = 17.2.32630.192
MinimumVisualStudioVersion = 10.0.40219.1
Project("{FAE04EC0-301F-11D3-BF4B-00C04F79EFBC}") = "Hms", "Hms\Hms.csproj", "{1689C52F-8D8E-45F2-8293-FB649FFDBCB4}"
EndProject
Global
	GlobalSection(SolutionConfigurationPlatforms) = preSolution
		Debug|Any CPU = Debug|Any CPU
		Release|Any CPU = Release|Any CPU
	EndGlobalSection
	GlobalSection(ProjectConfigurationPlatforms) = postSolution
		{1689C52F-8D8E-45F2-8293-FB649FFDBCB4}.Debug|Any CPU.ActiveCfg = Debug|Any CPU
		{1689C52F-8D8E-45F2-8293-FB649FFDBCB4}.Debug|Any CPU.Build.0 = Debug|Any CPU
		{1689C52F-8D8E-45F2-8293-FB649FFDBCB4}.Release|Any CPU.ActiveCfg = Release|Any CPU
		{1689C52F-8D8E-45F2-8293-FB649FFDBCB4}.Release|Any CPU.Build.0 = Release|Any CPU
	EndGlobalSection
	GlobalSection(SolutionProperties) = preSolution
		HideSolutionNode = FALSE
	EndGlobalSection
	GlobalSection(ExtensibilityGlobals) = postSolution
		SolutionGuid = {1DB234F6-9228-44C9-81DD-D6B9910BCBAE}
	EndGlobalSection
EndGlobal
